
Microsoft Visual Studio Solution File, Format Version 12.00
# Visual Studio 15
Project("{FAE04EC0-301F-11D3-BF4B-00C04F79EFBC}") = "Management", "Assembly-CSharp.csproj", "{B2634EFA-F25F-1D42-AB4E-B5225FDFE837}"
EndProject
Global
	GlobalSection(SolutionConfigurationPlatforms) = preSolution
		Debug|Any CPU = Debug|Any CPU
		Release|Any CPU = Release|Any CPU
	EndGlobalSection
	GlobalSection(ProjectConfigurationPlatforms) = postSolution
		{B2634EFA-F25F-1D42-AB4E-B5225FDFE837}.Debug|Any CPU.ActiveCfg = Debug|Any CPU
		{B2634EFA-F25F-1D42-AB4E-B5225FDFE837}.Debug|Any CPU.Build.0 = Debug|Any CPU
		{B2634EFA-F25F-1D42-AB4E-B5225FDFE837}.Release|Any CPU.ActiveCfg = Release|Any CPU
		{B2634EFA-F25F-1D42-AB4E-B5225FDFE837}.Release|Any CPU.Build.0 = Release|Any CPU
	EndGlobalSection
	GlobalSection(SolutionProperties) = preSolution
		HideSolutionNode = FALSE
	EndGlobalSection
EndGlobal
